<?xml version="1.0" encoding="utf-8"?>
<Project ToolsVersion="4.0" xmlns="http://schemas.microsoft.com/developer/msbuild/2003">
  <ItemGroup>
    <Filter Include="源文件">
      <UniqueIdentifier>{4FC737F1-C7A5-4376-A066-2A32D752A2FF}</UniqueIdentifier>
      <Extensions>cpp;c;cc;cxx;c++;cppm;ixx;def;odl;idl;hpj;bat;asm;asmx</Extensions>
    </Filter>
    <Filter Include="头文件">
      <UniqueIdentifier>{93995380-89BD-4b04-88EB-625FBE52EBFB}</UniqueIdentifier>
      <Extensions>h;hh;hpp;hxx;h++;hm;inl;inc;ipp;xsd</Extensions>
    </Filter>
    <Filter Include="资源文件">
      <UniqueIdentifier>{67DA6AB6-F800-4c08-8B7A-83BB121AAD01}</UniqueIdentifier>
      <Extensions>rc;ico;cur;bmp;dlg;rc2;rct;bin;rgs;gif;jpg;jpeg;jpe;resx;tiff;tif;png;wav;mfcribbon-ms</Extensions>
    </Filter>
    <Filter Include="着色器">
      <UniqueIdentifier>{ec979f27-3450-4d7e-a4ed-8aa11341e365}</UniqueIdentifier>
    </Filter>
  </ItemGroup>
  <ItemGroup>
    <FxCompile Include="Triangle_PS.hlsl">
      <Filter>着色器</Filter>
    </FxCompile>
    <FxCompile Include="Triangle_VS.hlsl">
      <Filter>着色器</Filter>
    </FxCompile>
    <FxCompile Include="..\X_jun D3D\DirectX11-With-Windows-SDK-master\Project 01-09\03 Rendering a Cube\HLSL\Cube_PS.hlsl" />
    <FxCompile Include="..\X_jun D3D\DirectX11-With-Windows-SDK-master\Project 01-09\03 Rendering a Cube\HLSL\Cube_VS.hlsl" />
  </ItemGroup>
  <ItemGroup>
    <None Include="Triangle.hlsli">
      <Filter>着色器</Filter>
    </None>
    <None Include="..\X_jun D3D\DirectX11-With-Windows-SDK-master\Project 01-09\03 Rendering a Cube\HLSL\Cube.hlsli" />
  </ItemGroup>
  <ItemGroup>
    <ClCompile Include="..\X_jun D3D\DirectX11-With-Windows-SDK-master\Project 01-09\06 Mouse and Keyboard\d3dApp.cpp">
      <Filter>源文件</Filter>
    </ClCompile>
    <ClCompile Include="..\X_jun D3D\DirectX11-With-Windows-SDK-master\Project 01-09\06 Mouse and Keyboard\d3dUtil.cpp">
      <Filter>源文件</Filter>
    </ClCompile>
    <ClCompile Include="..\X_jun D3D\DirectX11-With-Windows-SDK-master\Project 01-09\06 Mouse and Keyboard\DXTrace.cpp">
      <Filter>源文件</Filter>
    </ClCompile>
    <ClCompile Include="..\X_jun D3D\DirectX11-With-Windows-SDK-master\Project 01-09\06 Mouse and Keyboard\GameApp.cpp">
      <Filter>源文件</Filter>
    </ClCompile>
    <ClCompile Include="..\X_jun D3D\DirectX11-With-Windows-SDK-master\Project 01-09\06 Mouse and Keyboard\GameTimer.cpp">
      <Filter>源文件</Filter>
    </ClCompile>
    <ClCompile Include="..\X_jun D3D\DirectX11-With-Windows-SDK-master\Project 01-09\06 Mouse and Keyboard\Keyboard.cpp">
      <Filter>源文件</Filter>
    </ClCompile>
    <ClCompile Include="..\X_jun D3D\DirectX11-With-Windows-SDK-master\Project 01-09\06 Mouse and Keyboard\Main.cpp">
      <Filter>源文件</Filter>
    </ClCompile>
    <ClCompile Include="..\X_jun D3D\DirectX11-With-Windows-SDK-master\Project 01-09\06 Mouse and Keyboard\Mouse.cpp">
      <Filter>源文件</Filter>
    </ClCompile>
  </ItemGroup>
  <ItemGroup>
    <ClInclude Include="..\X_jun D3D\DirectX11-With-Windows-SDK-master\Project 01-09\06 Mouse and Keyboard\d3dApp.h">
      <Filter>头文件</Filter>
    </ClInclude>
    <ClInclude Include="..\X_jun D3D\DirectX11-With-Windows-SDK-master\Project 01-09\06 Mouse and Keyboard\d3dUtil.h">
      <Filter>头文件</Filter>
    </ClInclude>
    <ClInclude Include="..\X_jun D3D\DirectX11-With-Windows-SDK-master\Project 01-09\06 Mouse and Keyboard\DXTrace.h">
      <Filter>头文件</Filter>
    </ClInclude>
    <ClInclude Include="..\X_jun D3D\DirectX11-With-Windows-SDK-master\Project 01-09\06 Mouse and Keyboard\GameApp.h">
      <Filter>头文件</Filter>
    </ClInclude>
    <ClInclude Include="..\X_jun D3D\DirectX11-With-Windows-SDK-master\Project 01-09\06 Mouse and Keyboard\GameTimer.h">
      <Filter>头文件</Filter>
    </ClInclude>
    <ClInclude Include="..\X_jun D3D\DirectX11-With-Windows-SDK-master\Project 01-09\06 Mouse and Keyboard\Keyboard.h">
      <Filter>头文件</Filter>
    </ClInclude>
    <ClInclude Include="..\X_jun D3D\DirectX11-With-Windows-SDK-master\Project 01-09\06 Mouse and Keyboard\Mouse.h">
      <Filter>头文件</Filter>
    </ClInclude>
  </ItemGroup>
</Project>